version = 1
revision = 3
requires-python = "==3.12.*"

[[package]]
name = "click"
version = "8.5.0"
source = { registry = "https://pypi.org/simple" }
sdist = { url = "https://files.pythonhosted.org/packages/c7/0e/7fa0ef50764b67090eca4114772a2abf8b6148198475e54c660b97caeee6/click-8.5.0.tar.gz", hash = "sha256:ba0d2089de75ea0310e2dde03160e6ca10009947fb95a182f9b54021bb272e34", size = 382235, upload-time = "2026-08-26T13:33:14.56Z" }
wheels = [
    { url = "https://files.pythonhosted.org/packages/58/50/6c0d534c5f134586a8e1ba4e330569e32f057e33372ae556463212fb4cd3/click-8.5.0-py3-none-any.whl", hash = "sha256:255bc9599cf7748b4b1a446ccc735421bd08a2ae529a8b88597d3de5664ee360", size = 125251, upload-time = "2026-08-26T13:33:12.928Z" },
]

[[package]]
name = "flatbuffers"
version = "25.12.19"
source = { registry = "https://pypi.org/simple" }
wheels = [
    { url = "https://files.pythonhosted.org/packages/e8/2d/d2a548598be01649e2d46231d151a6c56d10b964d94043a335ae56ea2d92/flatbuffers-25.12.19-py2.py3-none-any.whl", hash = "sha256:7634f50c427838bb021c2d66a3d1168e9d199b0607e6329399f04846d42e20b4", size = 26661, upload-time = "2025-12-19T23:16:13.622Z" },
]

[[package]]
name = "numpy"
version = "2.5.2"
source = { registry = "https://pypi.org/simple" }
sdist = { url = "https://files.pythonhosted.org/packages/9a/80/db0b4559e57ec36362bedbb05530a87fafbcb6067708c946967a41d449e7/numpy-2.5.2.tar.gz", hash = "sha256:d482d171c406ae88c5b19cad3b6a1c4c5209f886ab74bc44c2c865c23f52d860", size = 20773161, upload-time = "2026-08-09T13:48:27.962Z" }
wheels = [
    { url = "https://files.pythonhosted.org/packages/69/72/dccb0aaf40972777283303919f613964227266d0c13adebb79ac124f1c3e/numpy-2.5.2-cp312-cp312-macosx_10_13_x86_64.whl", hash = "sha256:14e373cfc6387177e8409dac3c7159be8eb05cd77096cd7c950268b86f62831c", size = 16891693, upload-time = "2026-08-09T13:44:51.702Z" },
    { url = "https://files.pythonhosted.org/packages/60/2e/b5aee50a1f74ac815cf8331812cb8251e29024025de462e0c047641c614c/numpy-2.5.2-cp312-cp312-macosx_11_0_arm64.whl", hash = "sha256:4bbd96c833ecc8cc069ce518078fc8c60cb9cbfb0fea5b7a803ad65035596d03", size = 11903109, upload-time = "2026-08-09T13:44:55.501Z" },
    { url = "https://files.pythonhosted.org/packages/f3/f4/29e78102a80601cf034d4e9767022cffeca2c3b4c926e1754572ca95593d/numpy-2.5.2-cp312-cp312-macosx_14_0_arm64.whl", hash = "sha256:6e8172ddfcf5cf74b811d372b570b83c60bd2de87a6fbfbebdadb4a9bd9c6cbb", size = 5350202, upload-time = "2026-08-09T13:44:58.401Z" },
    { url = "https://files.pythonhosted.org/packages/11/4b/dcd3b7eadaf4035d2c7a4289d232523a6964f602598ef7674e4bd7291f93/numpy-2.5.2-cp312-cp312-macosx_14_0_x86_64.whl", hash = "sha256:65f188481f1669e26f62b701e8205d19e460fa4a9b52a1414ba382330e4a3414", size = 6687736, upload-time = "2026-08-09T13:45:00.813Z" },
    { url = "https://files.pythonhosted.org/packages/e5/21/4947e0e9d6c9fc2e2ff15b8949049ee44f63adb9cacc729ab8793f97e712/numpy-2.5.2-cp312-cp312-manylinux_2_27_aarch64.manylinux_2_28_aarch64.whl", hash = "sha256:8ee9c4eeb8454b3660a8b53493563c3e121c2fc94fbd72b848ef814ed7b676a9", size = 15612696, upload-time = "2026-08-09T13:45:04.151Z" },
    { url = "https://files.pythonhosted.org/packages/3a/5f/62d28cf019460c7f1394105b4d49d9911a9c444cb77ab0bd95a204c5a6de/numpy-2.5.2-cp312-cp312-manylinux_2_27_x86_64.manylinux_2_28_x86_64.whl", hash = "sha256:3cdec01fa790a186d430433fdd4d4ffb70eed6f0eeb4bf05c8dbe2dce0a9bcb8", size = 16722264, upload-time = "2026-08-09T13:45:07.714Z" },
    { url = "https://files.pythonhosted.org/packages/14/25/3f0be4c1b9fdf5dd5e708a6806978564d7c46a055c000496309ff2a2f8af/numpy-2.5.2-cp312-cp312-musllinux_1_2_aarch64.whl", hash = "sha256:7999d4ddb0c4025018373fd787510d46e04c769467af22869707b3c1cfd459ab", size = 16974396, upload-time = "2026-08-09T13:45:11.316Z" },
    { url = "https://files.pythonhosted.org/packages/22/72/6262cbdeeb45da9d971e40715f579d791603ba8ec0b5e2db1ac55454421d/numpy-2.5.2-cp312-cp312-musllinux_1_2_x86_64.whl", hash = "sha256:c1f017dc0875c9209d219f97feceb7d54c2661bb243deb4114478e1295808af7", size = 18476044, upload-time = "2026-08-09T13:45:14.869Z" },
    { url = "https://files.pythonhosted.org/packages/36/33/29208b8b075bde62d26a81d14b358c42b0f69b6cabd98d4ff97f37f22b05/numpy-2.5.2-cp312-cp312-win32.whl", hash = "sha256:d6a48072864e3324e194a8fbb3c657bcc5b5c869dbc64c9537b1d5c862572c0a", size = 6072817, upload-time = "2026-08-09T13:45:17.867Z" },
    { url = "https://files.pythonhosted.org/packages/7f/b9/87fea2769fe1c47c1b5b01d8310772c9d1a85d485de7cf386ef7a3332b02/numpy-2.5.2-cp312-cp312-win_amd64.whl", hash = "sha256:28ac63476ec7651484215ee7fa15a1f78b57c14621f01e392afe17b9a1390ce4", size = 12464674, upload-time = "2026-08-09T13:45:20.734Z" },
    { url = "https://files.pythonhosted.org/packages/14/52/032b97e00461ab0809bbe4c588b035620e5a14b8cdee47ecddefc7b17d33/numpy-2.5.2-cp312-cp312-win_arm64.whl", hash = "sha256:27650bb0e7140fa3d37b9923b4803645e0b125d190f326eecfd3f4dad8e8ade1", size = 10397131, upload-time = "2026-08-09T13:45:23.73Z" },
]

[[package]]
name = "onnxruntime"
version = "1.29.0"
source = { registry = "https://pypi.org/simple" }
dependencies = [
    { name = "flatbuffers" },
    { name = "numpy" },
    { name = "packaging" },
    { name = "protobuf" },
]
wheels = [
    { url = "https://files.pythonhosted.org/packages/d4/80/381c1e9efed9cc32d00aa7cab0547dc84116cec906c3ffe3613686d6963a/onnxruntime-1.29.0-cp312-cp312-macosx_14_0_arm64.whl", hash = "sha256:3a3814c041251d6a77fdf513fb282056538ee826d2f1178a0df3c549d3fff6ba", size = 21430049, upload-time = "2026-08-17T22:53:48.286Z" },
    { url = "https://files.pythonhosted.org/packages/30/12/4be0e345d38fe707a701ca07e8f63c05b152a2e6285d1e43a7faf63fedd2/onnxruntime-1.29.0-cp312-cp312-manylinux_2_28_aarch64.whl", hash = "sha256:d2fb19e848f7c33ed8d3182b52504aaa11c5e8da438bbb47296f85b133cbcf6b", size = 20816870, upload-time = "2026-08-17T22:53:51.169Z" },
    { url = "https://files.pythonhosted.org/packages/96/eb/e6968f5e41aac3125f2ff5708855f09cb0b70d85ed3115b625b0b58305ba/onnxruntime-1.29.0-cp312-cp312-manylinux_2_28_x86_64.whl", hash = "sha256:2b80d8c7ec2cc7438e4da3760b88c24568cba72c9ace96d668800a6c79419acb", size = 23136745, upload-time = "2026-08-17T22:53:53.92Z" },
    { url = "https://files.pythonhosted.org/packages/b4/80/5b28f1f1111210fc4a336ddbc6950f468ebf9a6a265420568f4f43fa33ce/onnxruntime-1.29.0-cp312-cp312-win_amd64.whl", hash = "sha256:4acf2b4948b7ede87221ca6332344b8facdc8059d6ac751a7d367d04532b02dd", size = 14001407, upload-time = "2026-08-17T22:53:56.486Z" },
    { url = "https://files.pythonhosted.org/packages/6f/d6/6883f89ea4b044e6e8447ebfaf9bcecdf457b7d80a683635e130b25498e0/onnxruntime-1.29.0-cp312-cp312-win_arm64.whl", hash = "sha256:dc61a79cb39afd66ab3f01fd2c23591a7f01de89c1668e1fb6315067fc279164", size = 13746981, upload-time = "2026-08-17T22:53:58.977Z" },
]

[[package]]
name = "orion-rustpotter"
version = "0.1.0"
source = { editable = "rustpotter_native" }

[[package]]
name = "orion-voice"
version = "0.1.0"
source = { editable = "." }
dependencies = [
    { name = "numpy" },
    { name = "orion-rustpotter" },
    { name = "websockets" },
]

[package.optional-dependencies]
fallback = [
    { name = "click" },
    { name = "numpy" },
    { name = "piper-tts" },
    { name = "pypinyin" },
    { name = "sentencepiece" },
    { name = "sherpa-onnx" },
    { name = "sherpa-onnx-bin" },
]

[package.metadata]
requires-dist = [
    { name = "click", marker = "extra == 'fallback'", specifier = ">=8.1,<9" },
    { name = "numpy", specifier = ">=1.26,<3" },
    { name = "numpy", marker = "extra == 'fallback'", specifier = ">=1.26,<3" },
    { name = "orion-rustpotter", editable = "rustpotter_native" },
    { name = "piper-tts", marker = "extra == 'fallback'", specifier = "==1.7.0" },
    { name = "pypinyin", marker = "extra == 'fallback'", specifier = ">=0.55,<1" },
    { name = "sentencepiece", marker = "extra == 'fallback'", specifier = ">=0.2,<0.3" },
    { name = "sherpa-onnx", marker = "extra == 'fallback'", specifier = "==1.13.6" },
    { name = "sherpa-onnx-bin", marker = "extra == 'fallback'", specifier = "==1.13.6" },
    { name = "websockets", specifier = ">=14.2,<16" },
]
provides-extras = ["fallback"]

[[package]]
name = "packaging"
version = "26.3"
source = { registry = "https://pypi.org/simple" }
sdist = { url = "https://files.pythonhosted.org/packages/7d/fa/3944b40b07da9ce895c0e6303a5ab7d53da063554f534556b134a54d6093/packaging-26.3.tar.gz", hash = "sha256:94edc256424af38762eb31306eed28beb9f0efc50a8837492c9d6fd6004aed79", size = 313412, upload-time = "2026-08-04T18:15:28.737Z" }
wheels = [
    { url = "https://files.pythonhosted.org/packages/63/34/ba1c580383c9eada3711951fef0795c80b829a078d72188184bcab9dd527/packaging-26.3-py3-none-any.whl", hash = "sha256:d7193f7c8e4e93f444fde0262bf90af30e16fa0ad0ad44cb553c87339b23cd1c", size = 129956, upload-time = "2026-08-04T18:15:27.159Z" },
]

[[package]]
name = "pathvalidate"
version = "3.3.1"
source = { registry = "https://pypi.org/simple" }
sdist = { url = "https://files.pythonhosted.org/packages/fa/2a/52a8da6fe965dea6192eb716b357558e103aea0a1e9a8352ad575a8406ca/pathvalidate-3.3.1.tar.gz", hash = "sha256:b18c07212bfead624345bb8e1d6141cdcf15a39736994ea0b94035ad2b1ba177", size = 63262, upload-time = "2025-06-15T09:07:20.736Z" }
wheels = [
    { url = "https://files.pythonhosted.org/packages/9a/70/875f4a23bfc4731703a5835487d0d2fb999031bd415e7d17c0ae615c18b7/pathvalidate-3.3.1-py3-none-any.whl", hash = "sha256:5263baab691f8e1af96092fa5137ee17df5bdfbd6cff1fcac4d6ef4bc2e1735f", size = 24305, upload-time = "2025-06-15T09:07:19.117Z" },
]

[[package]]
name = "piper-tts"
version = "1.7.0"
source = { registry = "https://pypi.org/simple" }
dependencies = [
    { name = "onnxruntime" },
    { name = "pathvalidate" },
]
sdist = { url = "https://files.pythonhosted.org/packages/ab/52/21fd6898dbb5f24fb2b8cd6d454ef97304f47dc5c7e3349a8eebf46c9325/piper_tts-1.7.0.tar.gz", hash = "sha256:9d097cc1aa96817c840c0a9d33644ade65e99f9b88d695546cfdf23d0b6b7b8c", size = 24268274, upload-time = "2026-08-15T18:51:16.501Z" }
wheels = [
    { url = "https://files.pythonhosted.org/packages/5b/72/fae4e71199c68e7c402cc063c069458671a7057c1477b04934bec8578339/piper_tts-1.7.0-cp39-abi3-macosx_10_9_x86_64.whl", hash = "sha256:68f8e052fe09b4532edd2e2b32de7080c20e477cb8c31118043922023dbbe377", size = 34106243, upload-time = "2026-08-15T18:51:02.357Z" },
    { url = "https://files.pythonhosted.org/packages/0b/31/64d0053a4ba24d0435671560d6cfe4636ecf174fc611aa28eaed0116571e/piper_tts-1.7.0-cp39-abi3-macosx_11_0_arm64.whl", hash = "sha256:b01504ae404631005a88d72d2a5792adff29ccea6c84f20601f7fefcfc5574de", size = 34114202, upload-time = "2026-08-15T18:51:05.303Z" },
    { url = "https://files.pythonhosted.org/packages/89/e1/5cbbd7e9de2a9f6004ff0fdd2637a07614251148fa29ec410ff1b7cff8fb/piper_tts-1.7.0-cp39-abi3-manylinux_2_17_aarch64.manylinux2014_aarch64.manylinux_2_28_aarch64.whl", hash = "sha256:b43b2d299556bd6e87bcb6932fe853f8f89d65d7ad85cc372c89777ad2035d8f", size = 34126221, upload-time = "2026-08-15T18:51:08.028Z" },
    { url = "https://files.pythonhosted.org/packages/a4/29/9123b168249b8a37be150847a3853ea000d22895265e384f754ace50bb1a/piper_tts-1.7.0-cp39-abi3-manylinux_2_17_x86_64.manylinux2014_x86_64.manylinux_2_28_x86_64.whl", hash = "sha256:72adc623b977bdbbdf3d6f6bf88d66eda7cfe2ee8e7919a74a5952acb77a339e", size = 34125913, upload-time = "2026-08-15T18:51:10.822Z" },
    { url = "https://files.pythonhosted.org/packages/76/e1/58fe12897ce3885060447a14078d2c6abe099f9b87dd05291c40b98a43a5/piper_tts-1.7.0-cp39-abi3-win_amd64.whl", hash = "sha256:a2af3dae98e1835a3b1da37e4aa290e6adf41165c7d768e1ce73d9246f867d2c", size = 34114093, upload-time = "2026-08-15T18:51:13.442Z" },
]

[[package]]
name = "protobuf"
version = "7.36.1"
source = { registry = "https://pypi.org/simple" }
sdist = { url = "https://files.pythonhosted.org/packages/86/73/f66c748df06e7fe24e658eddd600d19c4b40bad836c97ce2d0ad9851fb6b/protobuf-7.36.1.tar.gz", hash = "sha256:d0f6470f0ce2b84e3feaea2d4b816378b37ba4d4aa08a274305373de93e2d524", size = 512499, upload-time = "2026-08-31T22:40:04.667Z" }
wheels = [
    { url = "https://files.pythonhosted.org/packages/f7/6c/3a54a58f2948b0f485df9ecdd06590f15d0a7abf46a89d50c3de709ff4ff/protobuf-7.36.1-cp310-abi3-macosx_10_9_universal2.whl", hash = "sha256:3cf2ee25d006cee57294a1196ea43b37feb78e0dcd1e8af5c1aeddb777655aca", size = 456046, upload-time = "2026-08-31T22:39:56.865Z" },
    { url = "https://files.pythonhosted.org/packages/6e/08/9f9548793c771095245c0eeaf0c84b76b16a5ef26158043d456f551344a0/protobuf-7.36.1-cp310-abi3-manylinux2014_aarch64.whl", hash = "sha256:43d3d37b1eb24c113b9b7d02008cac44e423f00b611b7781ae998d7623972969", size = 344226, upload-time = "2026-08-31T22:39:58.263Z" },
    { url = "https://files.pythonhosted.org/packages/fe/51/1bdbd612fa3c51e42ea6f45d05e84dc748ddcd2663e1aa1e89a00a33facd/protobuf-7.36.1-cp310-abi3-manylinux2014_s390x.whl", hash = "sha256:39c518c05586c016d7874ff6079ee115bcec1ea5fbb1d177fbf7867ef4c67e44", size = 357229, upload-time = "2026-08-31T22:39:59.198Z" },
    { url = "https://files.pythonhosted.org/packages/22/df/c799fe7a05ef16ba853a59db01f3a2c5f7d0676469589ccc4874f76a2a88/protobuf-7.36.1-cp310-abi3-manylinux2014_x86_64.whl", hash = "sha256:97198b77e369a0abd8e262b8f6c7266c55ddb796a3a12c76d7b8881188ed83aa", size = 343228, upload-time = "2026-08-31T22:40:00.179Z" },
    { url = "https://files.pythonhosted.org/packages/3d/33/d4724ec5d86d496fe4108e220618aa0837ad3423a7af7ccdd9684ccc77c8/protobuf-7.36.1-cp310-abi3-win32.whl", hash = "sha256:0b53ce95272aad50ad25d7ff03373743209822e8ba42ea7fad27d2bee1547d00", size = 443002, upload-time = "2026-08-31T22:40:01.32Z" },
    { url = "https://files.pythonhosted.org/packages/db/37/155788a0d8daded960375af604202805308169f9b859419ea0aa370946e2/protobuf-7.36.1-cp310-abi3-win_amd64.whl", hash = "sha256:51139351435d9b43d88a55eaa49fb6f737fbb478fb0cbf2cf694d1a04a9d3363", size = 456518, upload-time = "2026-08-31T22:40:02.494Z" },
    { url = "https://files.pythonhosted.org/packages/39/ca/c47f91d3cab175b01fd8c4f0d80fdf8613be876cc616e66ad281a59c5ddf/protobuf-7.36.1-py3-none-any.whl", hash = "sha256:7d951e46b3f963d6c264c367c437921de9d5aedd9c3f9612b9077736b4e3ad5c", size = 179813, upload-time = "2026-08-31T22:40:03.54Z" },
]

[[package]]
name = "pypinyin"
version = "0.55.0"
source = { registry = "https://pypi.org/simple" }
sdist = { url = "https://files.pythonhosted.org/packages/b4/a4/784cf98c09e0dc22776b0d7d8a4a5b761218bcae4608c2416ce1e167c8af/pypinyin-0.55.0.tar.gz", hash = "sha256:b5711b3a0c6f76e67408ec6b2e3c4987a3a806b7c528076e7c7b86fcf0eaa66b", size = 839836, upload-time = "2025-07-20T12:01:50.657Z" }
wheels = [
    { url = "https://files.pythonhosted.org/packages/b9/7b/4cabc76fcc21c3c7d5c671d8783984d30ac9d3bb387c4ba784fca3cdfa3a/pypinyin-0.55.0-py2.py3-none-any.whl", hash = "sha256:d53b1e8ad2cdb815fb2cb604ed3123372f5a28c6f447571244aca36fc62a286f", size = 840203, upload-time = "2025-07-20T12:01:48.535Z" },
]

[[package]]
name = "sentencepiece"
version = "0.2.2"
source = { registry = "https://pypi.org/simple" }
sdist = { url = "https://files.pythonhosted.org/packages/cc/33/ea3cb3839607eb175da835244a798f797f478c5ddf0e8ecdf57ea85a4c70/sentencepiece-0.2.2.tar.gz", hash = "sha256:3d2b5e824b5622038dc7b490897efe05ebbbb9e7350fc142f3ecc8789ef9bdf6", size = 8218435, upload-time = "2026-07-12T08:39:34.701Z" }
wheels = [
    { url = "https://files.pythonhosted.org/packages/b8/13/7a562289c8d5b49ebdf3f9c1e8ab67cf14a8743b1d90c8f406bfdec36b72/sentencepiece-0.2.2-cp312-cp312-macosx_10_13_universal2.whl", hash = "sha256:1edb10e520e4bddf74d85b0f5ae74cc2d60c2b448885080bfb618bc2b3a49f6b", size = 2188384, upload-time = "2026-07-12T08:38:28.486Z" },
    { url = "https://files.pythonhosted.org/packages/85/d1/912f14fd5eae168aba726ffb6a9a2dc1c71fe7676c53da6f5c442b886d4a/sentencepiece-0.2.2-cp312-cp312-macosx_10_13_x86_64.whl", hash = "sha256:f7c06c751c19d923435a54bff4f7e66e728fad160e8da28254f133abc9725820", size = 1441553, upload-time = "2026-07-12T08:38:30.552Z" },
    { url = "https://files.pythonhosted.org/packages/bd/44/caa9cab5f261a019e2808bc5046152775dc57352ba9cbae7525e9e7a1ed4/sentencepiece-0.2.2-cp312-cp312-macosx_11_0_arm64.whl", hash = "sha256:38111ed1f79268f399c505028023d5eaaf0ab4e5eafceb709468b0d3323e7838", size = 1347176, upload-time = "2026-07-12T08:38:32.211Z" },
    { url = "https://files.pythonhosted.org/packages/19/90/cd798935668cff71d309d8ff10385844ecf216b1fe454f1993ed8bf2cb91/sentencepiece-0.2.2-cp312-cp312-manylinux_2_27_aarch64.manylinux_2_28_aarch64.whl", hash = "sha256:cbce24284f51f71d10a42b7b9c964dcb9048b28f1c8e5db40bcbcb6f428cba6a", size = 1325200, upload-time = "2026-07-12T08:38:33.689Z" },
    { url = "https://files.pythonhosted.org/packages/b6/2d/37e3da037318a70066ded0d51bc2a7f35491ae6338dd993d5eb1503fc3b5/sentencepiece-0.2.2-cp312-cp312-manylinux_2_27_x86_64.manylinux_2_28_x86_64.whl", hash = "sha256:c8a168b040bc61681293f79a949b5d911c8e25086f4260285b8d97ab5f1195da", size = 1397736, upload-time = "2026-07-12T08:38:35.771Z" },
    { url = "https://files.pythonhosted.org/packages/8d/11/753fca2e6b109be3ab7867abf357dfe48677fe726ae5a5363d0b54ca9450/sentencepiece-0.2.2-cp312-cp312-win_amd64.whl", hash = "sha256:7c6e7bf684dc12145bfa685d3060beaea55139134ba848289bee514ed42e7383", size = 1248030, upload-time = "2026-07-12T08:38:37.604Z" },
    { url = "https://files.pythonhosted.org/packages/e2/0a/70efbe861ca182d7d4b6e1a20f58e043400848fa9f2915229f082e221648/sentencepiece-0.2.2-cp312-cp312-win_arm64.whl", hash = "sha256:76ff5814db72e7462dece042d7593cdf102b8ec82c2b1cc201a2add34ee3050d", size = 1187325, upload-time = "2026-07-12T08:38:39.348Z" },
]

[[package]]
name = "sherpa-onnx"
version = "1.13.6"
source = { registry = "https://pypi.org/simple" }
sdist = { url = "https://files.pythonhosted.org/packages/a6/12/ca1900b2ad6308f76b9f744367748ce81adab2fb70a5665acf0a6f3c34f0/sherpa_onnx-1.13.6.tar.gz", hash = "sha256:d55a0e769efd9b014c2d3aaa54754288dc39c7261e9334c575d54ba22214ca27", size = 1037965, upload-time = "2026-08-18T06:55:13.107Z" }
wheels = [
    { url = "https://files.pythonhosted.org/packages/37/41/242379ed9af259b565d3075b4fa923b305a8ac983897e4f977cd9c339760/sherpa_onnx-1.13.6-cp312-cp312-linux_armv7l.whl", hash = "sha256:3a97f92740696a29bc793b8d3ed95572705bcfbd4212abcde28636a72d0412fe", size = 11999587, upload-time = "2026-08-18T08:29:58.211Z" },
    { url = "https://files.pythonhosted.org/packages/5b/e0/b8e760f51284180ba7c48742934f34ad6a07f285159bd1ca1b18fd876846/sherpa_onnx-1.13.6-cp312-cp312-macosx_10_15_universal2.whl", hash = "sha256:6329804f59b1718a42be4bc1e146b0643c65ade4ccffd61ad7b0985f3acb1cd8", size = 4439404, upload-time = "2026-08-18T06:38:20.775Z" },
    { url = "https://files.pythonhosted.org/packages/39/7a/0b46d5815b7050e6490dc67843426c8561d161733fb07a50fbd4764aa07f/sherpa_onnx-1.13.6-cp312-cp312-macosx_10_15_x86_64.whl", hash = "sha256:3f425892f2fd1ff7ffaf6b2b20cbaa5d0b0dd59d33dfa47f339ad2953a91f3d2", size = 2340327, upload-time = "2026-08-18T07:41:19.597Z" },
    { url = "https://files.pythonhosted.org/packages/d2/e9/8df794db2be1c4f50091399f8e5793c3c51454ee3a201e55f5e83e09bda6/sherpa_onnx-1.13.6-cp312-cp312-macosx_11_0_arm64.whl", hash = "sha256:d6ff1a84ad68fee185f7c5deb6d50e47d5e2e8d964c2a5a994e3495567df5bfd", size = 2137503, upload-time = "2026-08-18T08:07:31.283Z" },
    { url = "https://files.pythonhosted.org/packages/da/71/9fe597931cfcff8c42e4631156bf5a4efb90d6c635f8dd09f1d815f221eb/sherpa_onnx-1.13.6-cp312-cp312-manylinux2014_aarch64.manylinux_2_17_aarch64.whl", hash = "sha256:d33b906651760f36f59cd2399ece8cd619be8c41410733253c7b62d242b7df4a", size = 4167870, upload-time = "2026-08-18T06:28:30.217Z" },
    { url = "https://files.pythonhosted.org/packages/75/8c/3a4bcdc71f9ea22b9ce77e2e562324a010be96b855a4cd4a73f83dc6b646/sherpa_onnx-1.13.6-cp312-cp312-manylinux2014_x86_64.manylinux_2_17_x86_64.whl", hash = "sha256:02d0ba3b257e1c74b30c7975ec466cac8e01e1b4599d0657ea4afa076fc49d37", size = 4390408, upload-time = "2026-08-18T07:07:54.292Z" },
    { url = "https://files.pythonhosted.org/packages/4d/8c/baa4748cb27a281a9e387e6e2694687fcb92cd653b8b0b6d49728ab5f10c/sherpa_onnx-1.13.6-cp312-cp312-win32.whl", hash = "sha256:964e66f35d045354df0ac97d8fb78d7d340b8749679ac918fbaf68b5338007b7", size = 1961330, upload-time = "2026-08-18T07:20:08.887Z" },
    { url = "https://files.pythonhosted.org/packages/bc/8f/1510c5b78a933e5ed7caf61001c6018516f9b0c736cc9ffc60cdb252fed3/sherpa_onnx-1.13.6-cp312-cp312-win_amd64.whl", hash = "sha256:1b7b57cfd99767031b9bae9d1007094b6c14f85d4176b422438ae76312840e89", size = 2279376, upload-time = "2026-08-18T07:40:21.297Z" },
    { url = "https://files.pythonhosted.org/packages/27/60/0cf893fbca9addb752a90bb0eca9031234df8cfaecdca3ad8210a519a634/sherpa_onnx-1.13.6-cp312-cp312-win_arm64.whl", hash = "sha256:9832c2dfbd667bcf426d611e691f87803cafcfd6c3c63230a608f8f0eacafe3a", size = 2239994, upload-time = "2026-08-18T07:16:13.597Z" },
]

[[package]]
name = "sherpa-onnx-bin"
version = "1.13.6"
source = { registry = "https://pypi.org/simple" }
dependencies = [
    { name = "sherpa-onnx-core" },
]
wheels = [
    { url = "https://files.pythonhosted.org/packages/a3/12/7fa919b3b50a086750c080e9c8ccef8c82e6698d8a20b7c9341e29811e94/sherpa_onnx_bin-1.13.6-py3-none-macosx_10_15_universal2.whl", hash = "sha256:6e04668ee112e435da1430e70a5875dba9892c6a5efd56192ab99f1eda938ea9", size = 25470702, upload-time = "2026-08-18T06:14:54.006Z" },
    { url = "https://files.pythonhosted.org/packages/0d/94/fe03007736ee8d4eb58221f1620b1a14b8d753f45ce68e19ef3307d517a4/sherpa_onnx_bin-1.13.6-py3-none-macosx_10_15_x86_64.whl", hash = "sha256:64641922398537e873a56846200ee9ddd64d85f381b1569df0ab9c4c5f7ceb4c", size = 13307619, upload-time = "2026-08-18T06:29:22.211Z" },
    { url = "https://files.pythonhosted.org/packages/2a/b3/0c5f990fb4d97574cb582d2998502492f12ab20194ce14d5b190849d8b9d/sherpa_onnx_bin-1.13.6-py3-none-macosx_11_0_arm64.whl", hash = "sha256:8ef57adabc6344bf225a4d97240a9fb3d341ac6f70e5fdf29cf2c31803ac2fcb", size = 12161366, upload-time = "2026-08-18T07:21:22.445Z" },
    { url = "https://files.pythonhosted.org/packages/3d/6c/9034e110c7eea9728973e13bf9ed94930d64777efa7f96a770295fb6ab4d/sherpa_onnx_bin-1.13.6-py3-none-manylinux2014_aarch64.whl", hash = "sha256:cce278af68a64c93418a92b79b44fa19e92110c006a705a1a10273354b100f80", size = 17740648, upload-time = "2026-08-18T06:14:05.715Z" },
    { url = "https://files.pythonhosted.org/packages/51/6c/2f826c174698cbb2a86f50e4f1ee2a5225966b5c1ded77168d6097a7dbd6/sherpa_onnx_bin-1.13.6-py3-none-manylinux2014_x86_64.whl", hash = "sha256:67bad79fe700b7dcb0c49a41b82665d8251cd6c55177c729c41c4991ae4825fa", size = 19049423, upload-time = "2026-08-18T06:15:21.063Z" },
    { url = "https://files.pythonhosted.org/packages/0f/37/2ece911335cb7808e654fb435cf2ba387ff17f6d026a6f3c7cedbce5480f/sherpa_onnx_bin-1.13.6-py3-none-manylinux_2_35_armv7l.whl", hash = "sha256:da9cee9519bd2a0cdabab261115a4c8ecc96dfe4413bf9484fe496a76362f2f6", size = 15343087, upload-time = "2026-08-18T07:43:32.802Z" },
    { url = "https://files.pythonhosted.org/packages/b2/1a/18c5b149f76eb0249e85540ea9def5b7f77acd4e3171226540b10eae2069/sherpa_onnx_bin-1.13.6-py3-none-win32.whl", hash = "sha256:5ee32ca74d79e42e199de7963b4d3db5da1df4a379f6660de43b285cb943c2e5", size = 15339502, upload-time = "2026-08-18T06:31:04.323Z" },
    { url = "https://files.pythonhosted.org/packages/6a/c0/7b8adfd9d76d49c98dbdc2632fe6215f2a2ee8fd071285d45d7801a99468/sherpa_onnx_bin-1.13.6-py3-none-win_amd64.whl", hash = "sha256:8ae17c8ab29195b235a95a22cf367151b995eb3c8c7a1896a4f50b4997e34a90", size = 18068953, upload-time = "2026-08-18T06:51:37.465Z" },
    { url = "https://files.pythonhosted.org/packages/2c/f8/ec425ea383925a77c93deaffe7c3e8283c2c39c6c1494669b656f1315be8/sherpa_onnx_bin-1.13.6-py3-none-win_arm64.whl", hash = "sha256:5cf1673aa0a853013fd9804678a63864aff228c9e852888029481d20c39a4de2", size = 16942094, upload-time = "2026-08-18T06:37:16.626Z" },
]

[[package]]
name = "sherpa-onnx-core"
version = "1.13.6"
source = { registry = "https://pypi.org/simple" }
wheels = [
    { url = "https://files.pythonhosted.org/packages/df/cd/633f4a3eb8841e9d849dd130d20498a9315be03d27f5050c2ca139a16226/sherpa_onnx_core-1.13.6-py3-none-macosx_10_15_universal2.whl", hash = "sha256:365539159406cd41ff5031e5db68d6e402a392a15b3a77b2e952f579c1945f3c", size = 19850670, upload-time = "2026-08-18T06:14:56.282Z" },
    { url = "https://files.pythonhosted.org/packages/2c/89/2ee5d5d79f3bea896d89caff95d641881b58ddd629d538801b15cef2747c/sherpa_onnx_core-1.13.6-py3-none-macosx_10_15_x86_64.whl", hash = "sha256:f5a672a02d42d1c369ddd129f8be57bfe8b7e785140a13976ff7633e27c4ffdd", size = 10614866, upload-time = "2026-08-18T06:29:24.317Z" },
    { url = "https://files.pythonhosted.org/packages/06/ee/dbbc6718e263e4961106e057c187875e00485ca8030a6bca0d9682807d30/sherpa_onnx_core-1.13.6-py3-none-macosx_11_0_arm64.whl", hash = "sha256:2a413121dd0ee2e53c45def3ea4e8f0e968a6ac74f8cfd288bed3ae2cc815c33", size = 9282956, upload-time = "2026-08-18T07:21:24.118Z" },
    { url = "https://files.pythonhosted.org/packages/58/ab/ab279cf4eb6d4aa4b5f703d4e8233365c3acee304b963a09d4cb71601324/sherpa_onnx_core-1.13.6-py3-none-manylinux2014_aarch64.whl", hash = "sha256:e247b203ca64ab7095864d3ef1a21159787e02a985a7df137652604377c7833e", size = 13051341, upload-time = "2026-08-18T06:14:08.43Z" },
    { url = "https://files.pythonhosted.org/packages/fa/0a/6f64568ebb230b200c30c465eb002113944705fa36c734838ea46f2e1802/sherpa_onnx_core-1.13.6-py3-none-manylinux2014_x86_64.whl", hash = "sha256:9c1260ae150ebd4f658854fd8d8ca8477828afa5bebf66c1b2f6132f1f704a21", size = 10371677, upload-time = "2026-08-18T06:15:23.693Z" },
    { url = "https://files.pythonhosted.org/packages/21/ba/170e3de104c091e95e49d8f547473d58f925ec55add3729b49e3498efce4/sherpa_onnx_core-1.13.6-py3-none-manylinux_2_35_armv7l.whl", hash = "sha256:21e3e0c90cb9d3117d8ea64b3c3e598e6b85098b35582fed6ebb742625d33fc6", size = 9920659, upload-time = "2026-08-18T07:43:34.764Z" },
    { url = "https://files.pythonhosted.org/packages/5d/29/470348cf8a8e580f8db99f7f3a6f49bba4657ea0ad8de58f15c8e4be83f0/sherpa_onnx_core-1.13.6-py3-none-win32.whl", hash = "sha256:97103228dde9b772a53c200a5c1e0dc1821f09e3139e0a72431a95a28a4eb62a", size = 14534700, upload-time = "2026-08-18T06:31:06.45Z" },
    { url = "https://files.pythonhosted.org/packages/81/61/d32923b9f6fa039271760e1c642ffd496b8e2b3340e084bd9b0c7b568448/sherpa_onnx_core-1.13.6-py3-none-win_amd64.whl", hash = "sha256:9e7ac522b4f108412f6a1173c0e512c65e98d4714d9d9aa0002279d588d2e699", size = 16522526, upload-time = "2026-08-18T06:51:39.613Z" },
    { url = "https://files.pythonhosted.org/packages/15/af/025e55fc07fde16a7abe19f0d1616469e8e4b56424323f0721f321a064ab/sherpa_onnx_core-1.13.6-py3-none-win_arm64.whl", hash = "sha256:36ce28bbcab720627e53befa1adc4573ffb966d9c9ce7d78e260cd8a5edb9103", size = 15685909, upload-time = "2026-08-18T06:37:19.099Z" },
]

[[package]]
name = "websockets"
version = "15.0.1"
source = { registry = "https://pypi.org/simple" }
sdist = { url = "https://files.pythonhosted.org/packages/21/e6/26d09fab466b7ca9c7737474c52be4f76a40301b08362eb2dbc19dcc16c1/websockets-15.0.1.tar.gz", hash = "sha256:82544de02076bafba038ce055ee6412d68da13ab47f0c60cab827346de828dee", size = 177016, upload-time = "2025-03-05T20:03:41.606Z" }
wheels = [
    { url = "https://files.pythonhosted.org/packages/51/6b/4545a0d843594f5d0771e86463606a3988b5a09ca5123136f8a76580dd63/websockets-15.0.1-cp312-cp312-macosx_10_13_universal2.whl", hash = "sha256:3e90baa811a5d73f3ca0bcbf32064d663ed81318ab225ee4f427ad4e26e5aff3", size = 175437, upload-time = "2025-03-05T20:02:16.706Z" },
    { url = "https://files.pythonhosted.org/packages/f4/71/809a0f5f6a06522af902e0f2ea2757f71ead94610010cf570ab5c98e99ed/websockets-15.0.1-cp312-cp312-macosx_10_13_x86_64.whl", hash = "sha256:592f1a9fe869c778694f0aa806ba0374e97648ab57936f092fd9d87f8bc03665", size = 173096, upload-time = "2025-03-05T20:02:18.832Z" },
    { url = "https://files.pythonhosted.org/packages/3d/69/1a681dd6f02180916f116894181eab8b2e25b31e484c5d0eae637ec01f7c/websockets-15.0.1-cp312-cp312-macosx_11_0_arm64.whl", hash = "sha256:0701bc3cfcb9164d04a14b149fd74be7347a530ad3bbf15ab2c678a2cd3dd9a2", size = 173332, upload-time = "2025-03-05T20:02:20.187Z" },
    { url = "https://files.pythonhosted.org/packages/a6/02/0073b3952f5bce97eafbb35757f8d0d54812b6174ed8dd952aa08429bcc3/websockets-15.0.1-cp312-cp312-manylinux_2_17_aarch64.manylinux2014_aarch64.whl", hash = "sha256:e8b56bdcdb4505c8078cb6c7157d9811a85790f2f2b3632c7d1462ab5783d215", size = 183152, upload-time = "2025-03-05T20:02:22.286Z" },
    { url = "https://files.pythonhosted.org/packages/74/45/c205c8480eafd114b428284840da0b1be9ffd0e4f87338dc95dc6ff961a1/websockets-15.0.1-cp312-cp312-manylinux_2_5_i686.manylinux1_i686.manylinux_2_17_i686.manylinux2014_i686.whl", hash = "sha256:0af68c55afbd5f07986df82831c7bff04846928ea8d1fd7f30052638788bc9b5", size = 182096, upload-time = "2025-03-05T20:02:24.368Z" },
    { url = "https://files.pythonhosted.org/packages/14/8f/aa61f528fba38578ec553c145857a181384c72b98156f858ca5c8e82d9d3/websockets-15.0.1-cp312-cp312-manylinux_2_5_x86_64.manylinux1_x86_64.manylinux_2_17_x86_64.manylinux2014_x86_64.whl", hash = "sha256:64dee438fed052b52e4f98f76c5790513235efaa1ef7f3f2192c392cd7c91b65", size = 182523, upload-time = "2025-03-05T20:02:25.669Z" },
    { url = "https://files.pythonhosted.org/packages/ec/6d/0267396610add5bc0d0d3e77f546d4cd287200804fe02323797de77dbce9/websockets-15.0.1-cp312-cp312-musllinux_1_2_aarch64.whl", hash = "sha256:d5f6b181bb38171a8ad1d6aa58a67a6aa9d4b38d0f8c5f496b9e42561dfc62fe", size = 182790, upload-time = "2025-03-05T20:02:26.99Z" },
    { url = "https://files.pythonhosted.org/packages/02/05/c68c5adbf679cf610ae2f74a9b871ae84564462955d991178f95a1ddb7dd/websockets-15.0.1-cp312-cp312-musllinux_1_2_i686.whl", hash = "sha256:5d54b09eba2bada6011aea5375542a157637b91029687eb4fdb2dab11059c1b4", size = 182165, upload-time = "2025-03-05T20:02:30.291Z" },
    { url = "https://files.pythonhosted.org/packages/29/93/bb672df7b2f5faac89761cb5fa34f5cec45a4026c383a4b5761c6cea5c16/websockets-15.0.1-cp312-cp312-musllinux_1_2_x86_64.whl", hash = "sha256:3be571a8b5afed347da347bfcf27ba12b069d9d7f42cb8c7028b5e98bbb12597", size = 182160, upload-time = "2025-03-05T20:02:31.634Z" },
    { url = "https://files.pythonhosted.org/packages/ff/83/de1f7709376dc3ca9b7eeb4b9a07b4526b14876b6d372a4dc62312bebee0/websockets-15.0.1-cp312-cp312-win32.whl", hash = "sha256:c338ffa0520bdb12fbc527265235639fb76e7bc7faafbb93f6ba80d9c06578a9", size = 176395, upload-time = "2025-03-05T20:02:33.017Z" },
    { url = "https://files.pythonhosted.org/packages/7d/71/abf2ebc3bbfa40f391ce1428c7168fb20582d0ff57019b69ea20fa698043/websockets-15.0.1-cp312-cp312-win_amd64.whl", hash = "sha256:fcd5cf9e305d7b8338754470cf69cf81f420459dbae8a3b40cee57417f4614a7", size = 176841, upload-time = "2025-03-05T20:02:34.498Z" },
    { url = "https://files.pythonhosted.org/packages/fa/a8/5b41e0da817d64113292ab1f8247140aac61cbf6cfd085d6a0fa77f4984f/websockets-15.0.1-py3-none-any.whl", hash = "sha256:f7a866fbc1e97b5c617ee4116daaa09b722101d4a3c170c787450ba409f9736f", size = 169743, upload-time = "2025-03-05T20:03:39.41Z" },
]
